
Microsoft Visual Studio Solution File, Format Version 12.00
# Visual Studio Version 17
VisualStudioVersion = 17.3.32922.545
MinimumVisualStudioVersion = 10.0.40219.1
Project("{FAE04EC0-301F-11D3-BF4B-00C04F79EFBC}") = "ConsoleApp17", "ConsoleApp17\ConsoleApp17.csproj", "{A11FA525-7DBE-4E68-AE59-1EAC63934540}"
EndProject
Project("{FAE04EC0-301F-11D3-BF4B-00C04F79EFBC}") = "ClassLibrary1", "ClassLibrary1\ClassLibrary1.csproj", "{B3150B81-2154-4213-9774-6451B1FCF8FA}"
EndProject
Project("{FAE04EC0-301F-11D3-BF4B-00C04F79EFBC}") = "UnitTestClassLibrary", "UnitTestClassLibrary\UnitTestClassLibrary.csproj", "{C0D06C7E-C4E5-4888-8C8B-13B1D59E4890}"
EndProject
Global
	GlobalSection(SolutionConfigurationPlatforms) = preSolution
		Debug|Any CPU = Debug|Any CPU
		Release|Any CPU = Release|Any CPU
	EndGlobalSection
	GlobalSection(ProjectConfigurationPlatforms) = postSolution
		{A11FA525-7DBE-4E68-AE59-1EAC63934540}.Debug|Any CPU.ActiveCfg = Debug|Any CPU
		{A11FA525-7DBE-4E68-AE59-1EAC63934540}.Debug|Any CPU.Build.0 = Debug|Any CPU
		{A11FA525-7DBE-4E68-AE59-1EAC63934540}.Release|Any CPU.ActiveCfg = Release|Any CPU
		{A11FA525-7DBE-4E68-AE59-1EAC63934540}.Release|Any CPU.Build.0 = Release|Any CPU
		{B3150B81-2154-4213-9774-6451B1FCF8FA}.Debug|Any CPU.ActiveCfg = Debug|Any CPU
		{B3150B81-2154-4213-9774-6451B1FCF8FA}.Debug|Any CPU.Build.0 = Debug|Any CPU
		{B3150B81-2154-4213-9774-6451B1FCF8FA}.Release|Any CPU.ActiveCfg = Release|Any CPU
		{B3150B81-2154-4213-9774-6451B1FCF8FA}.Release|Any CPU.Build.0 = Release|Any CPU
		{C0D06C7E-C4E5-4888-8C8B-13B1D59E4890}.Debug|Any CPU.ActiveCfg = Debug|Any CPU
		{C0D06C7E-C4E5-4888-8C8B-13B1D59E4890}.Debug|Any CPU.Build.0 = Debug|Any CPU
		{C0D06C7E-C4E5-4888-8C8B-13B1D59E4890}.Release|Any CPU.ActiveCfg = Release|Any CPU
		{C0D06C7E-C4E5-4888-8C8B-13B1D59E4890}.Release|Any CPU.Build.0 = Release|Any CPU
	EndGlobalSection
	GlobalSection(SolutionProperties) = preSolution
		HideSolutionNode = FALSE
	EndGlobalSection
	GlobalSection(ExtensibilityGlobals) = postSolution
		SolutionGuid = {8A8E7B8D-BF68-4AF0-BBC8-AE93577CF2E7}
	EndGlobalSection
EndGlobal
